// !$*UTF8*$!
{
	archiveVersion = 1;
	classes = {
	};
	objectVersion = 46;
	objects = {

/* Begin PBXBuildFile section */
		D012A2801678BE150075D632 /* EquipmentViewController.m in Sources */ = {isa = PBXBuildFile; fileRef = D012A27F1678BE150075D632 /* EquipmentViewController.m */; };
		D012A2841678D8D30075D632 /* EquipmentSelectorViewController.m in Sources */ = {isa = PBXBuildFile; fileRef = D012A2831678D8D30075D632 /* EquipmentSelectorViewController.m */; };
		D018A51A165638BA00B4DF29 /* QuartzCore.framework in Frameworks */ = {isa = PBXBuildFile; fileRef = D018A519165638BA00B4DF29 /* QuartzCore.framework */; };
		D0569308162C187900237899 /* UIKit.framework in Frameworks */ = {isa = PBXBuildFile; fileRef = D0569307162C187900237899 /* UIKit.framework */; };
		D056930A162C187900237899 /* Foundation.framework in Frameworks */ = {isa = PBXBuildFile; fileRef = D0569309162C187900237899 /* Foundation.framework */; };
		D056930C162C187900237899 /* CoreGraphics.framework in Frameworks */ = {isa = PBXBuildFile; fileRef = D056930B162C187900237899 /* CoreGraphics.framework */; };
		D05A7AAB165519B70074078A /* libDeviceHiveFramework.a in Frameworks */ = {isa = PBXBuildFile; fileRef = D05A7AAA165519B70074078A /* libDeviceHiveFramework.a */; };
		D0744A431675DEED002F5758 /* DeviceTabBarController.m in Sources */ = {isa = PBXBuildFile; fileRef = D0744A421675DEED002F5758 /* DeviceTabBarController.m */; };
		D0744A4A1675E59C002F5758 /* DeviceViewController.m in Sources */ = {isa = PBXBuildFile; fileRef = D0744A491675E59C002F5758 /* DeviceViewController.m */; };
		D0744A5016761804002F5758 /* SendCommandViewController.m in Sources */ = {isa = PBXBuildFile; fileRef = D0744A4F16761804002F5758 /* SendCommandViewController.m */; };
		D0744A5316761FFC002F5758 /* NotificationsViewController.m in Sources */ = {isa = PBXBuildFile; fileRef = D0744A5216761FFC002F5758 /* NotificationsViewController.m */; };
		D0B84FED1677818D006A293B /* SettingsViewController.m in Sources */ = {isa = PBXBuildFile; fileRef = D0B84FEC1677818D006A293B /* SettingsViewController.m */; };
		D0D76FED166CCB88005816C0 /* Configuration.m in Sources */ = {isa = PBXBuildFile; fileRef = D0D76FDA166CCB88005816C0 /* Configuration.m */; };
		D0D76FEE166CCB88005816C0 /* Default-568h@2x.png in Resources */ = {isa = PBXBuildFile; fileRef = D0D76FDB166CCB88005816C0 /* Default-568h@2x.png */; };
		D0D76FEF166CCB88005816C0 /* Default.png in Resources */ = {isa = PBXBuildFile; fileRef = D0D76FDC166CCB88005816C0 /* Default.png */; };
		D0D76FF0166CCB88005816C0 /* Default@2x.png in Resources */ = {isa = PBXBuildFile; fileRef = D0D76FDD166CCB88005816C0 /* Default@2x.png */; };
		D0D76FF3166CCB88005816C0 /* DHAppDelegate.m in Sources */ = {isa = PBXBuildFile; fileRef = D0D76FE3166CCB88005816C0 /* DHAppDelegate.m */; };
		D0D76FF4166CCB88005816C0 /* InfoPlist.strings in Resources */ = {isa = PBXBuildFile; fileRef = D0D76FE4166CCB88005816C0 /* InfoPlist.strings */; };
		D0D76FF5166CCB88005816C0 /* MainStoryboard.storyboard in Resources */ = {isa = PBXBuildFile; fileRef = D0D76FE6166CCB88005816C0 /* MainStoryboard.storyboard */; };
		D0D76FF6166CCB88005816C0 /* main.m in Sources */ = {isa = PBXBuildFile; fileRef = D0D76FE8166CCB88005816C0 /* main.m */; };
		D0D76FF7166CCB88005816C0 /* NetworkDevicesViewController.m in Sources */ = {isa = PBXBuildFile; fileRef = D0D76FEA166CCB88005816C0 /* NetworkDevicesViewController.m */; };
		D0D76FF8166CCB88005816C0 /* NetworksViewController.m in Sources */ = {isa = PBXBuildFile; fileRef = D0D76FEC166CCB88005816C0 /* NetworksViewController.m */; };
		D0EABF5D1679D4E2008BE310 /* Icon.png in Resources */ = {isa = PBXBuildFile; fileRef = D0EABF5B1679D4E2008BE310 /* Icon.png */; };
		D0EABF5E1679D4E2008BE310 /* Icon@2x.png in Resources */ = {isa = PBXBuildFile; fileRef = D0EABF5C1679D4E2008BE310 /* Icon@2x.png */; };
/* End PBXBuildFile section */

/* Begin PBXFileReference section */
		D012A27E1678BE140075D632 /* EquipmentViewController.h */ = {isa = PBXFileReference; fileEncoding = 4; lastKnownFileType = sourcecode.c.h; path = EquipmentViewController.h; sourceTree = "<group>"; };
		D012A27F1678BE150075D632 /* EquipmentViewController.m */ = {isa = PBXFileReference; fileEncoding = 4; lastKnownFileType = sourcecode.c.objc; path = EquipmentViewController.m; sourceTree = "<group>"; };
		D012A2821678D8D30075D632 /* EquipmentSelectorViewController.h */ = {isa = PBXFileReference; fileEncoding = 4; lastKnownFileType = sourcecode.c.h; path = EquipmentSelectorViewController.h; sourceTree = "<group>"; };
		D012A2831678D8D30075D632 /* EquipmentSelectorViewController.m */ = {isa = PBXFileReference; fileEncoding = 4; lastKnownFileType = sourcecode.c.objc; path = EquipmentSelectorViewController.m; sourceTree = "<group>"; };
		D018A519165638BA00B4DF29 /* QuartzCore.framework */ = {isa = PBXFileReference; lastKnownFileType = wrapper.framework; name = QuartzCore.framework; path = System/Library/Frameworks/QuartzCore.framework; sourceTree = SDKROOT; };
		D0569303162C187900237899 /* DeviceHiveClientSample.app */ = {isa = PBXFileReference; explicitFileType = wrapper.application; includeInIndex = 0; path = DeviceHiveClientSample.app; sourceTree = BUILT_PRODUCTS_DIR; };
		D0569307162C187900237899 /* UIKit.framework */ = {isa = PBXFileReference; lastKnownFileType = wrapper.framework; name = UIKit.framework; path = System/Library/Frameworks/UIKit.framework; sourceTree = SDKROOT; };
		D0569309162C187900237899 /* Foundation.framework */ = {isa = PBXFileReference; lastKnownFileType = wrapper.framework; name = Foundation.framework; path = System/Library/Frameworks/Foundation.framework; sourceTree = SDKROOT; };
		D056930B162C187900237899 /* CoreGraphics.framework */ = {isa = PBXFileReference; lastKnownFileType = wrapper.framework; name = CoreGraphics.framework; path = System/Library/Frameworks/CoreGraphics.framework; sourceTree = SDKROOT; };
		D05A7AAA165519B70074078A /* libDeviceHiveFramework.a */ = {isa = PBXFileReference; lastKnownFileType = archive.ar; path = libDeviceHiveFramework.a; sourceTree = BUILT_PRODUCTS_DIR; };
		D0744A411675DEED002F5758 /* DeviceTabBarController.h */ = {isa = PBXFileReference; fileEncoding = 4; lastKnownFileType = sourcecode.c.h; path = DeviceTabBarController.h; sourceTree = "<group>"; };
		D0744A421675DEED002F5758 /* DeviceTabBarController.m */ = {isa = PBXFileReference; fileEncoding = 4; lastKnownFileType = sourcecode.c.objc; path = DeviceTabBarController.m; sourceTree = "<group>"; };
		D0744A481675E59C002F5758 /* DeviceViewController.h */ = {isa = PBXFileReference; fileEncoding = 4; lastKnownFileType = sourcecode.c.h; path = DeviceViewController.h; sourceTree = "<group>"; };
		D0744A491675E59C002F5758 /* DeviceViewController.m */ = {isa = PBXFileReference; fileEncoding = 4; lastKnownFileType = sourcecode.c.objc; path = DeviceViewController.m; sourceTree = "<group>"; };
		D0744A4E16761804002F5758 /* SendCommandViewController.h */ = {isa = PBXFileReference; fileEncoding = 4; lastKnownFileType = sourcecode.c.h; path = SendCommandViewController.h; sourceTree = "<group>"; };
		D0744A4F16761804002F5758 /* SendCommandViewController.m */ = {isa = PBXFileReference; fileEncoding = 4; lastKnownFileType = sourcecode.c.objc; path = SendCommandViewController.m; sourceTree = "<group>"; };
		D0744A5116761FFC002F5758 /* NotificationsViewController.h */ = {isa = PBXFileReference; fileEncoding = 4; lastKnownFileType = sourcecode.c.h; path = NotificationsViewController.h; sourceTree = "<group>"; };
		D0744A5216761FFC002F5758 /* NotificationsViewController.m */ = {isa = PBXFileReference; fileEncoding = 4; lastKnownFileType = sourcecode.c.objc; path = NotificationsViewController.m; sourceTree = "<group>"; };
		D0B84FEB1677818D006A293B /* SettingsViewController.h */ = {isa = PBXFileReference; fileEncoding = 4; lastKnownFileType = sourcecode.c.h; path = SettingsViewController.h; sourceTree = "<group>"; };
		D0B84FEC1677818D006A293B /* SettingsViewController.m */ = {isa = PBXFileReference; fileEncoding = 4; lastKnownFileType = sourcecode.c.objc; path = SettingsViewController.m; sourceTree = "<group>"; };
		D0D76FD9166CCB88005816C0 /* Configuration.h */ = {isa = PBXFileReference; fileEncoding = 4; lastKnownFileType = sourcecode.c.h; path = Configuration.h; sourceTree = "<group>"; };
		D0D76FDA166CCB88005816C0 /* Configuration.m */ = {isa = PBXFileReference; fileEncoding = 4; lastKnownFileType = sourcecode.c.objc; path = Configuration.m; sourceTree = "<group>"; };
		D0D76FDB166CCB88005816C0 /* Default-568h@2x.png */ = {isa = PBXFileReference; lastKnownFileType = image.png; path = "Default-568h@2x.png"; sourceTree = "<group>"; };
		D0D76FDC166CCB88005816C0 /* Default.png */ = {isa = PBXFileReference; lastKnownFileType = image.png; path = Default.png; sourceTree = "<group>"; };
		D0D76FDD166CCB88005816C0 /* Default@2x.png */ = {isa = PBXFileReference; lastKnownFileType = image.png; path = "Default@2x.png"; sourceTree = "<group>"; };
		D0D76FDE166CCB88005816C0 /* DeviceHiveClientSample-Info.plist */ = {isa = PBXFileReference; fileEncoding = 4; lastKnownFileType = text.plist.xml; path = "DeviceHiveClientSample-Info.plist"; sourceTree = "<group>"; };
		D0D76FDF166CCB88005816C0 /* DeviceHiveClientSample-Prefix.pch */ = {isa = PBXFileReference; fileEncoding = 4; lastKnownFileType = sourcecode.c.h; path = "DeviceHiveClientSample-Prefix.pch"; sourceTree = "<group>"; };
		D0D76FE2166CCB88005816C0 /* DHAppDelegate.h */ = {isa = PBXFileReference; fileEncoding = 4; lastKnownFileType = sourcecode.c.h; path = DHAppDelegate.h; sourceTree = "<group>"; };
		D0D76FE3166CCB88005816C0 /* DHAppDelegate.m */ = {isa = PBXFileReference; fileEncoding = 4; lastKnownFileType = sourcecode.c.objc; path = DHAppDelegate.m; sourceTree = "<group>"; };
		D0D76FE5166CCB88005816C0 /* en */ = {isa = PBXFileReference; lastKnownFileType = text.plist.strings; name = en; path = en.lproj/InfoPlist.strings; sourceTree = "<group>"; };
		D0D76FE7166CCB88005816C0 /* en */ = {isa = PBXFileReference; lastKnownFileType = file.storyboard; name = en; path = en.lproj/MainStoryboard.storyboard; sourceTree = "<group>"; };
		D0D76FE8166CCB88005816C0 /* main.m */ = {isa = PBXFileReference; fileEncoding = 4; lastKnownFileType = sourcecode.c.objc; path = main.m; sourceTree = "<group>"; };
		D0D76FE9166CCB88005816C0 /* NetworkDevicesViewController.h */ = {isa = PBXFileReference; fileEncoding = 4; lastKnownFileType = sourcecode.c.h; path = NetworkDevicesViewController.h; sourceTree = "<group>"; };
		D0D76FEA166CCB88005816C0 /* NetworkDevicesViewController.m */ = {isa = PBXFileReference; fileEncoding = 4; lastKnownFileType = sourcecode.c.objc; path = NetworkDevicesViewController.m; sourceTree = "<group>"; };
		D0D76FEB166CCB88005816C0 /* NetworksViewController.h */ = {isa = PBXFileReference; fileEncoding = 4; lastKnownFileType = sourcecode.c.h; path = NetworksViewController.h; sourceTree = "<group>"; };
		D0D76FEC166CCB88005816C0 /* NetworksViewController.m */ = {isa = PBXFileReference; fileEncoding = 4; lastKnownFileType = sourcecode.c.objc; path = NetworksViewController.m; sourceTree = "<group>"; };
		D0EABF5B1679D4E2008BE310 /* Icon.png */ = {isa = PBXFileReference; lastKnownFileType = image.png; path = Icon.png; sourceTree = "<group>"; };
		D0EABF5C1679D4E2008BE310 /* Icon@2x.png */ = {isa = PBXFileReference; lastKnownFileType = image.png; path = "Icon@2x.png"; sourceTree = "<group>"; };
/* End PBXFileReference section */

/* Begin PBXFrameworksBuildPhase section */
		D0569300162C187900237899 /* Frameworks */ = {
			isa = PBXFrameworksBuildPhase;
			buildActionMask = 2147483647;
			files = (
				D018A51A165638BA00B4DF29 /* QuartzCore.framework in Frameworks */,
				D05A7AAB165519B70074078A /* libDeviceHiveFramework.a in Frameworks */,
				D0569308162C187900237899 /* UIKit.framework in Frameworks */,
				D056930A162C187900237899 /* Foundation.framework in Frameworks */,
				D056930C162C187900237899 /* CoreGraphics.framework in Frameworks */,
			);
			runOnlyForDeploymentPostprocessing = 0;
		};
/* End PBXFrameworksBuildPhase section */

/* Begin PBXGroup section */
		D05692F8162C187900237899 = {
			isa = PBXGroup;
			children = (
				D018A519165638BA00B4DF29 /* QuartzCore.framework */,
				D05A7AAA165519B70074078A /* libDeviceHiveFramework.a */,
				D0D76FD8166CCB88005816C0 /* DeviceHiveClient */,
				D0569306162C187900237899 /* Frameworks */,
				D0569304162C187900237899 /* Products */,
			);
			sourceTree = "<group>";
		};
		D0569304162C187900237899 /* Products */ = {
			isa = PBXGroup;
			children = (
				D0569303162C187900237899 /* DeviceHiveClientSample.app */,
			);
			name = Products;
			sourceTree = "<group>";
		};
		D0569306162C187900237899 /* Frameworks */ = {
			isa = PBXGroup;
			children = (
				D0569307162C187900237899 /* UIKit.framework */,
				D0569309162C187900237899 /* Foundation.framework */,
				D056930B162C187900237899 /* CoreGraphics.framework */,
			);
			name = Frameworks;
			sourceTree = "<group>";
		};
		D0D76FD8166CCB88005816C0 /* DeviceHiveClient */ = {
			isa = PBXGroup;
			children = (
				D0D76FD9166CCB88005816C0 /* Configuration.h */,
				D0D76FDA166CCB88005816C0 /* Configuration.m */,
				D0D76FE2166CCB88005816C0 /* DHAppDelegate.h */,
				D0D76FE3166CCB88005816C0 /* DHAppDelegate.m */,
				D0D76FE6166CCB88005816C0 /* MainStoryboard.storyboard */,
				D0B84FEB1677818D006A293B /* SettingsViewController.h */,
				D0B84FEC1677818D006A293B /* SettingsViewController.m */,
				D0D76FE9166CCB88005816C0 /* NetworkDevicesViewController.h */,
				D0D76FEA166CCB88005816C0 /* NetworkDevicesViewController.m */,
				D0D76FEB166CCB88005816C0 /* NetworksViewController.h */,
				D0D76FEC166CCB88005816C0 /* NetworksViewController.m */,
				D0744A411675DEED002F5758 /* DeviceTabBarController.h */,
				D0744A421675DEED002F5758 /* DeviceTabBarController.m */,
				D0744A481675E59C002F5758 /* DeviceViewController.h */,
				D0744A491675E59C002F5758 /* DeviceViewController.m */,
				D0744A4E16761804002F5758 /* SendCommandViewController.h */,
				D0744A4F16761804002F5758 /* SendCommandViewController.m */,
				D0744A5116761FFC002F5758 /* NotificationsViewController.h */,
				D0744A5216761FFC002F5758 /* NotificationsViewController.m */,
				D012A27E1678BE140075D632 /* EquipmentViewController.h */,
				D012A27F1678BE150075D632 /* EquipmentViewController.m */,
				D012A2821678D8D30075D632 /* EquipmentSelectorViewController.h */,
				D012A2831678D8D30075D632 /* EquipmentSelectorViewController.m */,
				D0D76FFA166CCBB6005816C0 /* Supporting Files */,
			);
			path = DeviceHiveClient;
			sourceTree = "<group>";
		};
		D0D76FFA166CCBB6005816C0 /* Supporting Files */ = {
			isa = PBXGroup;
			children = (
				D0D76FDB166CCB88005816C0 /* Default-568h@2x.png */,
				D0D76FDC166CCB88005816C0 /* Default.png */,
				D0D76FDD166CCB88005816C0 /* Default@2x.png */,
				D0EABF5B1679D4E2008BE310 /* Icon.png */,
				D0EABF5C1679D4E2008BE310 /* Icon@2x.png */,
				D0D76FDE166CCB88005816C0 /* DeviceHiveClientSample-Info.plist */,
				D0D76FDF166CCB88005816C0 /* DeviceHiveClientSample-Prefix.pch */,
				D0D76FE4166CCB88005816C0 /* InfoPlist.strings */,
				D0D76FE8166CCB88005816C0 /* main.m */,
			);
			name = "Supporting Files";
			sourceTree = "<group>";
		};
/* End PBXGroup section */

/* Begin PBXNativeTarget section */
		D0569302162C187900237899 /* DeviceHiveClientSample */ = {
			isa = PBXNativeTarget;
			buildConfigurationList = D0569327162C187900237899 /* Build configuration list for PBXNativeTarget "DeviceHiveClientSample" */;
			buildPhases = (
				D05692FF162C187900237899 /* Sources */,
				D0569300162C187900237899 /* Frameworks */,
				D0569301162C187900237899 /* Resources */,
			);
			buildRules = (
			);
			dependencies = (
			);
			name = DeviceHiveClientSample;
			productName = DeviceHiveDevice;
			productReference = D0569303162C187900237899 /* DeviceHiveClientSample.app */;
			productType = "com.apple.product-type.application";
		};
/* End PBXNativeTarget section */

/* Begin PBXProject section */
		D05692FA162C187900237899 /* Project object */ = {
			isa = PBXProject;
			attributes = {
				CLASSPREFIX = DH;
				LastUpgradeCheck = 0450;
				ORGANIZATIONNAME = DataArt;
			};
			buildConfigurationList = D05692FD162C187900237899 /* Build configuration list for PBXProject "DeviceHiveClientSample" */;
			compatibilityVersion = "Xcode 3.2";
			developmentRegion = English;
			hasScannedForEncodings = 0;
			knownRegions = (
				en,
			);
			mainGroup = D05692F8162C187900237899;
			productRefGroup = D0569304162C187900237899 /* Products */;
			projectDirPath = "";
			projectRoot = "";
			targets = (
				D0569302162C187900237899 /* DeviceHiveClientSample */,
			);
		};
/* End PBXProject section */

/* Begin PBXResourcesBuildPhase section */
		D0569301162C187900237899 /* Resources */ = {
			isa = PBXResourcesBuildPhase;
			buildActionMask = 2147483647;
			files = (
				D0D76FEE166CCB88005816C0 /* Default-568h@2x.png in Resources */,
				D0D76FEF166CCB88005816C0 /* Default.png in Resources */,
				D0D76FF0166CCB88005816C0 /* Default@2x.png in Resources */,
				D0D76FF4166CCB88005816C0 /* InfoPlist.strings in Resources */,
				D0D76FF5166CCB88005816C0 /* MainStoryboard.storyboard in Resources */,
				D0EABF5D1679D4E2008BE310 /* Icon.png in Resources */,
				D0EABF5E1679D4E2008BE310 /* Icon@2x.png in Resources */,
			);
			runOnlyForDeploymentPostprocessing = 0;
		};
/* End PBXResourcesBuildPhase section */

/* Begin PBXSourcesBuildPhase section */
		D05692FF162C187900237899 /* Sources */ = {
			isa = PBXSourcesBuildPhase;
			buildActionMask = 2147483647;
			files = (
				D0D76FED166CCB88005816C0 /* Configuration.m in Sources */,
				D0D76FF3166CCB88005816C0 /* DHAppDelegate.m in Sources */,
				D0D76FF6166CCB88005816C0 /* main.m in Sources */,
				D0D76FF7166CCB88005816C0 /* NetworkDevicesViewController.m in Sources */,
				D0D76FF8166CCB88005816C0 /* NetworksViewController.m in Sources */,
				D0744A431675DEED002F5758 /* DeviceTabBarController.m in Sources */,
				D0744A4A1675E59C002F5758 /* DeviceViewController.m in Sources */,
				D0744A5016761804002F5758 /* SendCommandViewController.m in Sources */,
				D0744A5316761FFC002F5758 /* NotificationsViewController.m in Sources */,
				D0B84FED1677818D006A293B /* SettingsViewController.m in Sources */,
				D012A2801678BE150075D632 /* EquipmentViewController.m in Sources */,
				D012A2841678D8D30075D632 /* EquipmentSelectorViewController.m in Sources */,
			);
			runOnlyForDeploymentPostprocessing = 0;
		};
/* End PBXSourcesBuildPhase section */

/* Begin PBXVariantGroup section */
		D0D76FE4166CCB88005816C0 /* InfoPlist.strings */ = {
			isa = PBXVariantGroup;
			children = (
				D0D76FE5166CCB88005816C0 /* en */,
			);
			name = InfoPlist.strings;
			sourceTree = "<group>";
		};
		D0D76FE6166CCB88005816C0 /* MainStoryboard.storyboard */ = {
			isa = PBXVariantGroup;
			children = (
				D0D76FE7166CCB88005816C0 /* en */,
			);
			name = MainStoryboard.storyboard;
			sourceTree = "<group>";
		};
/* End PBXVariantGroup section */

/* Begin XCBuildConfiguration section */
		D0569325162C187900237899 /* Debug */ = {
			isa = XCBuildConfiguration;
			buildSettings = {
				ALWAYS_SEARCH_USER_PATHS = NO;
				CLANG_CXX_LANGUAGE_STANDARD = "gnu++0x";
				CLANG_CXX_LIBRARY = "libc++";
				CLANG_ENABLE_OBJC_ARC = YES;
				CLANG_WARN_EMPTY_BODY = YES;
				CLANG_WARN__DUPLICATE_METHOD_MATCH = YES;
				"CODE_SIGN_IDENTITY[sdk=iphoneos*]" = "iPhone Developer";
				COPY_PHASE_STRIP = NO;
				GCC_C_LANGUAGE_STANDARD = gnu99;
				GCC_DYNAMIC_NO_PIC = NO;
				GCC_OPTIMIZATION_LEVEL = 0;
				GCC_PREPROCESSOR_DEFINITIONS = (
					"DEBUG=1",
					"DH_DEBUG=1",
					"$(inherited)",
				);
				GCC_SYMBOLS_PRIVATE_EXTERN = NO;
				GCC_WARN_ABOUT_RETURN_TYPE = YES;
				GCC_WARN_UNINITIALIZED_AUTOS = YES;
				GCC_WARN_UNUSED_VARIABLE = YES;
				HEADER_SEARCH_PATHS = "$(SRCROOT)/../../DeviceHiveFramework/DeviceHive/Public/**";
				IPHONEOS_DEPLOYMENT_TARGET = 6.0;
				ONLY_ACTIVE_ARCH = YES;
				OTHER_LDFLAGS = "-ObjC";
				SDKROOT = iphoneos;
				TARGETED_DEVICE_FAMILY = 2;
			};
			name = Debug;
		};
		D0569326162C187900237899 /* Release */ = {
			isa = XCBuildConfiguration;
			buildSettings = {
				ALWAYS_SEARCH_USER_PATHS = NO;
				CLANG_CXX_LANGUAGE_STANDARD = "gnu++0x";
				CLANG_CXX_LIBRARY = "libc++";
				CLANG_ENABLE_OBJC_ARC = YES;
				CLANG_WARN_EMPTY_BODY = YES;
				CLANG_WARN__DUPLICATE_METHOD_MATCH = YES;
				"CODE_SIGN_IDENTITY[sdk=iphoneos*]" = "iPhone Developer";
				COPY_PHASE_STRIP = YES;
				GCC_C_LANGUAGE_STANDARD = gnu99;
				GCC_WARN_ABOUT_RETURN_TYPE = YES;
				GCC_WARN_UNINITIALIZED_AUTOS = YES;
				GCC_WARN_UNUSED_VARIABLE = YES;
				HEADER_SEARCH_PATHS = "$(SRCROOT)/../../DeviceHiveFramework/DeviceHive/Public/**";
				IPHONEOS_DEPLOYMENT_TARGET = 6.0;
				OTHER_CFLAGS = "-DNS_BLOCK_ASSERTIONS=1";
				OTHER_LDFLAGS = "-ObjC";
				SDKROOT = iphoneos;
				TARGETED_DEVICE_FAMILY = 2;
				VALIDATE_PRODUCT = YES;
			};
			name = Release;
		};
		D0569328162C187900237899 /* Debug */ = {
			isa = XCBuildConfiguration;
			buildSettings = {
				GCC_PRECOMPILE_PREFIX_HEADER = YES;
				GCC_PREFIX_HEADER = "DeviceHiveClient/DeviceHiveClientSample-Prefix.pch";
				INFOPLIST_FILE = "DeviceHiveClient/DeviceHiveClientSample-Info.plist";
				IPHONEOS_DEPLOYMENT_TARGET = 6.0;
				PRODUCT_NAME = DeviceHiveClientSample;
				RUN_CLANG_STATIC_ANALYZER = YES;
				TARGETED_DEVICE_FAMILY = 1;
				WRAPPER_EXTENSION = app;
			};
			name = Debug;
		};
		D0569329162C187900237899 /* Release */ = {
			isa = XCBuildConfiguration;
			buildSettings = {
				GCC_PRECOMPILE_PREFIX_HEADER = YES;
				GCC_PREFIX_HEADER = "DeviceHiveClient/DeviceHiveClientSample-Prefix.pch";
				INFOPLIST_FILE = "DeviceHiveClient/DeviceHiveClientSample-Info.plist";
				IPHONEOS_DEPLOYMENT_TARGET = 6.0;
				PRODUCT_NAME = DeviceHiveClientSample;
				RUN_CLANG_STATIC_ANALYZER = YES;
				TARGETED_DEVICE_FAMILY = 1;
				WRAPPER_EXTENSION = app;
			};
			name = Release;
		};
/* End XCBuildConfiguration section */

/* Begin XCConfigurationList section */
		D05692FD162C187900237899 /* Build configuration list for PBXProject "DeviceHiveClientSample" */ = {
			isa = XCConfigurationList;
			buildConfigurations = (
				D0569325162C187900237899 /* Debug */,
				D0569326162C187900237899 /* Release */,
			);
			defaultConfigurationIsVisible = 0;
			defaultConfigurationName = Release;
		};
		D0569327162C187900237899 /* Build configuration list for PBXNativeTarget "DeviceHiveClientSample" */ = {
			isa = XCConfigurationList;
			buildConfigurations = (
				D0569328162C187900237899 /* Debug */,
				D0569329162C187900237899 /* Release */,
			);
			defaultConfigurationIsVisible = 0;
			defaultConfigurationName = Release;
		};
/* End XCConfigurationList section */
	};
	rootObject = D05692FA162C187900237899 /* Project object */;
}
