// !$*UTF8*$!
{
	archiveVersion = 1;
	classes = {
	};
	objectVersion = 46;
	objects = {

/* Begin PBXBuildFile section */
		D012A27C1678920E0075D632 /* DHRestfulApiClient.m in Sources */ = {isa = PBXBuildFile; fileRef = D012A27B1678920E0075D632 /* DHRestfulApiClient.m */; };
		D018A5171656341100B4DF29 /* QuartzCore.framework in Frameworks */ = {isa = PBXBuildFile; fileRef = D018A5161656341100B4DF29 /* QuartzCore.framework */; };
		D05A7A231655166F0074078A /* Foundation.framework in Frameworks */ = {isa = PBXBuildFile; fileRef = D05A7A221655166F0074078A /* Foundation.framework */; };
		D05A7A83165517460074078A /* AFHTTPClient.m in Sources */ = {isa = PBXBuildFile; fileRef = D05A7A711655171F0074078A /* AFHTTPClient.m */; };
		D05A7A84165517460074078A /* AFHTTPRequestOperation.m in Sources */ = {isa = PBXBuildFile; fileRef = D05A7A731655171F0074078A /* AFHTTPRequestOperation.m */; };
		D05A7A85165517460074078A /* AFImageRequestOperation.m in Sources */ = {isa = PBXBuildFile; fileRef = D05A7A751655171F0074078A /* AFImageRequestOperation.m */; };
		D05A7A86165517460074078A /* AFJSONRequestOperation.m in Sources */ = {isa = PBXBuildFile; fileRef = D05A7A771655171F0074078A /* AFJSONRequestOperation.m */; };
		D05A7A87165517460074078A /* AFNetworkActivityIndicatorManager.m in Sources */ = {isa = PBXBuildFile; fileRef = D05A7A791655171F0074078A /* AFNetworkActivityIndicatorManager.m */; };
		D05A7A88165517460074078A /* AFPropertyListRequestOperation.m in Sources */ = {isa = PBXBuildFile; fileRef = D05A7A7C1655171F0074078A /* AFPropertyListRequestOperation.m */; };
		D05A7A89165517460074078A /* AFURLConnectionOperation.m in Sources */ = {isa = PBXBuildFile; fileRef = D05A7A7E1655171F0074078A /* AFURLConnectionOperation.m */; };
		D05A7A8A165517460074078A /* AFXMLRequestOperation.m in Sources */ = {isa = PBXBuildFile; fileRef = D05A7A801655171F0074078A /* AFXMLRequestOperation.m */; };
		D05A7A8B165517460074078A /* UIImageView+AFNetworking.m in Sources */ = {isa = PBXBuildFile; fileRef = D05A7A821655171F0074078A /* UIImageView+AFNetworking.m */; };
		D0D7704D166CDC64005816C0 /* DHClientServices.m in Sources */ = {isa = PBXBuildFile; fileRef = D0D77012166CDC64005816C0 /* DHClientServices.m */; };
		D0D7704E166CDC64005816C0 /* DHDeviceClient.m in Sources */ = {isa = PBXBuildFile; fileRef = D0D77013166CDC64005816C0 /* DHDeviceClient.m */; };
		D0D7704F166CDC64005816C0 /* DHRestfulClientService.m in Sources */ = {isa = PBXBuildFile; fileRef = D0D77015166CDC64005816C0 /* DHRestfulClientService.m */; };
		D0D77050166CDC64005816C0 /* DHCommandQueue.m in Sources */ = {isa = PBXBuildFile; fileRef = D0D77018166CDC64005816C0 /* DHCommandQueue.m */; };
		D0D77051166CDC64005816C0 /* DHDevice.m in Sources */ = {isa = PBXBuildFile; fileRef = D0D77019166CDC64005816C0 /* DHDevice.m */; };
		D0D77052166CDC64005816C0 /* DHDeviceServices.m in Sources */ = {isa = PBXBuildFile; fileRef = D0D7701A166CDC64005816C0 /* DHDeviceServices.m */; };
		D0D77053166CDC64005816C0 /* DHDeviceStatusNotification.m in Sources */ = {isa = PBXBuildFile; fileRef = D0D7701B166CDC64005816C0 /* DHDeviceStatusNotification.m */; };
		D0D77054166CDC64005816C0 /* DHEquipment.m in Sources */ = {isa = PBXBuildFile; fileRef = D0D7701D166CDC64005816C0 /* DHEquipment.m */; };
		D0D77055166CDC64005816C0 /* DHEquipmentNotification.m in Sources */ = {isa = PBXBuildFile; fileRef = D0D7701E166CDC64005816C0 /* DHEquipmentNotification.m */; };
		D0D77056166CDC64005816C0 /* DHRestfulDeviceService.m in Sources */ = {isa = PBXBuildFile; fileRef = D0D77020166CDC64005816C0 /* DHRestfulDeviceService.m */; };
		D0D77057166CDC64005816C0 /* DHCommand.m in Sources */ = {isa = PBXBuildFile; fileRef = D0D77022166CDC64005816C0 /* DHCommand.m */; };
		D0D77058166CDC64005816C0 /* DHCommandResult.m in Sources */ = {isa = PBXBuildFile; fileRef = D0D77023166CDC64005816C0 /* DHCommandResult.m */; };
		D0D77059166CDC64005816C0 /* DHDefaultRestfulApiClient.m in Sources */ = {isa = PBXBuildFile; fileRef = D0D77024166CDC64005816C0 /* DHDefaultRestfulApiClient.m */; };
		D0D7705A166CDC64005816C0 /* DHDeviceClass.m in Sources */ = {isa = PBXBuildFile; fileRef = D0D77025166CDC64005816C0 /* DHDeviceClass.m */; };
		D0D7705B166CDC64005816C0 /* DHDeviceData.m in Sources */ = {isa = PBXBuildFile; fileRef = D0D77026166CDC64005816C0 /* DHDeviceData.m */; };
		D0D7705C166CDC64005816C0 /* DHEntity.m in Sources */ = {isa = PBXBuildFile; fileRef = D0D77028166CDC64005816C0 /* DHEntity.m */; };
		D0D7705D166CDC64005816C0 /* DHEquipmentData.m in Sources */ = {isa = PBXBuildFile; fileRef = D0D7702A166CDC64005816C0 /* DHEquipmentData.m */; };
		D0D7705E166CDC64005816C0 /* DHEquipmentState.m in Sources */ = {isa = PBXBuildFile; fileRef = D0D7702B166CDC64005816C0 /* DHEquipmentState.m */; };
		D0D7705F166CDC64005816C0 /* DHNetwork.m in Sources */ = {isa = PBXBuildFile; fileRef = D0D7702D166CDC64005816C0 /* DHNetwork.m */; };
		D0D77060166CDC64005816C0 /* DHNotification.m in Sources */ = {isa = PBXBuildFile; fileRef = D0D7702E166CDC64005816C0 /* DHNotification.m */; };
		D0D77061166CDC64005816C0 /* DHQueue.m in Sources */ = {isa = PBXBuildFile; fileRef = D0D77030166CDC64005816C0 /* DHQueue.m */; };
		D0D77062166CDC64005816C0 /* DHUtils.m in Sources */ = {isa = PBXBuildFile; fileRef = D0D77032166CDC64005816C0 /* DHUtils.m */; };
		D0D77063166CDC64005816C0 /* NSMutableDictionary+DHEntitySerialization.m in Sources */ = {isa = PBXBuildFile; fileRef = D0D77034166CDC64005816C0 /* NSMutableDictionary+DHEntitySerialization.m */; };
/* End PBXBuildFile section */

/* Begin PBXCopyFilesBuildPhase section */
		D05A7A1D1655166F0074078A /* CopyFiles */ = {
			isa = PBXCopyFilesBuildPhase;
			buildActionMask = 2147483647;
			dstPath = "include/${PRODUCT_NAME}";
			dstSubfolderSpec = 16;
			files = (
			);
			runOnlyForDeploymentPostprocessing = 0;
		};
/* End PBXCopyFilesBuildPhase section */

/* Begin PBXFileReference section */
		D012A27B1678920E0075D632 /* DHRestfulApiClient.m */ = {isa = PBXFileReference; fileEncoding = 4; lastKnownFileType = sourcecode.c.objc; path = DHRestfulApiClient.m; sourceTree = "<group>"; };
		D018A5161656341100B4DF29 /* QuartzCore.framework */ = {isa = PBXFileReference; lastKnownFileType = wrapper.framework; name = QuartzCore.framework; path = System/Library/Frameworks/QuartzCore.framework; sourceTree = SDKROOT; };
		D05A7A1F1655166F0074078A /* libDeviceHiveFramework.a */ = {isa = PBXFileReference; explicitFileType = archive.ar; includeInIndex = 0; path = libDeviceHiveFramework.a; sourceTree = BUILT_PRODUCTS_DIR; };
		D05A7A221655166F0074078A /* Foundation.framework */ = {isa = PBXFileReference; lastKnownFileType = wrapper.framework; name = Foundation.framework; path = System/Library/Frameworks/Foundation.framework; sourceTree = SDKROOT; };
		D05A7A261655166F0074078A /* DeviceHiveFramework-Prefix.pch */ = {isa = PBXFileReference; lastKnownFileType = sourcecode.c.h; path = "DeviceHiveFramework-Prefix.pch"; sourceTree = "<group>"; };
		D05A7A701655171F0074078A /* AFHTTPClient.h */ = {isa = PBXFileReference; lastKnownFileType = sourcecode.c.h; path = AFHTTPClient.h; sourceTree = "<group>"; };
		D05A7A711655171F0074078A /* AFHTTPClient.m */ = {isa = PBXFileReference; lastKnownFileType = sourcecode.c.objc; path = AFHTTPClient.m; sourceTree = "<group>"; };
		D05A7A721655171F0074078A /* AFHTTPRequestOperation.h */ = {isa = PBXFileReference; lastKnownFileType = sourcecode.c.h; path = AFHTTPRequestOperation.h; sourceTree = "<group>"; };
		D05A7A731655171F0074078A /* AFHTTPRequestOperation.m */ = {isa = PBXFileReference; lastKnownFileType = sourcecode.c.objc; path = AFHTTPRequestOperation.m; sourceTree = "<group>"; };
		D05A7A741655171F0074078A /* AFImageRequestOperation.h */ = {isa = PBXFileReference; lastKnownFileType = sourcecode.c.h; path = AFImageRequestOperation.h; sourceTree = "<group>"; };
		D05A7A751655171F0074078A /* AFImageRequestOperation.m */ = {isa = PBXFileReference; lastKnownFileType = sourcecode.c.objc; path = AFImageRequestOperation.m; sourceTree = "<group>"; };
		D05A7A761655171F0074078A /* AFJSONRequestOperation.h */ = {isa = PBXFileReference; lastKnownFileType = sourcecode.c.h; path = AFJSONRequestOperation.h; sourceTree = "<group>"; };
		D05A7A771655171F0074078A /* AFJSONRequestOperation.m */ = {isa = PBXFileReference; lastKnownFileType = sourcecode.c.objc; path = AFJSONRequestOperation.m; sourceTree = "<group>"; };
		D05A7A781655171F0074078A /* AFNetworkActivityIndicatorManager.h */ = {isa = PBXFileReference; lastKnownFileType = sourcecode.c.h; path = AFNetworkActivityIndicatorManager.h; sourceTree = "<group>"; };
		D05A7A791655171F0074078A /* AFNetworkActivityIndicatorManager.m */ = {isa = PBXFileReference; lastKnownFileType = sourcecode.c.objc; path = AFNetworkActivityIndicatorManager.m; sourceTree = "<group>"; };
		D05A7A7A1655171F0074078A /* AFNetworking.h */ = {isa = PBXFileReference; lastKnownFileType = sourcecode.c.h; path = AFNetworking.h; sourceTree = "<group>"; };
		D05A7A7B1655171F0074078A /* AFPropertyListRequestOperation.h */ = {isa = PBXFileReference; lastKnownFileType = sourcecode.c.h; path = AFPropertyListRequestOperation.h; sourceTree = "<group>"; };
		D05A7A7C1655171F0074078A /* AFPropertyListRequestOperation.m */ = {isa = PBXFileReference; lastKnownFileType = sourcecode.c.objc; path = AFPropertyListRequestOperation.m; sourceTree = "<group>"; };
		D05A7A7D1655171F0074078A /* AFURLConnectionOperation.h */ = {isa = PBXFileReference; lastKnownFileType = sourcecode.c.h; path = AFURLConnectionOperation.h; sourceTree = "<group>"; };
		D05A7A7E1655171F0074078A /* AFURLConnectionOperation.m */ = {isa = PBXFileReference; lastKnownFileType = sourcecode.c.objc; path = AFURLConnectionOperation.m; sourceTree = "<group>"; };
		D05A7A7F1655171F0074078A /* AFXMLRequestOperation.h */ = {isa = PBXFileReference; lastKnownFileType = sourcecode.c.h; path = AFXMLRequestOperation.h; sourceTree = "<group>"; };
		D05A7A801655171F0074078A /* AFXMLRequestOperation.m */ = {isa = PBXFileReference; lastKnownFileType = sourcecode.c.objc; path = AFXMLRequestOperation.m; sourceTree = "<group>"; };
		D05A7A811655171F0074078A /* UIImageView+AFNetworking.h */ = {isa = PBXFileReference; lastKnownFileType = sourcecode.c.h; path = "UIImageView+AFNetworking.h"; sourceTree = "<group>"; };
		D05A7A821655171F0074078A /* UIImageView+AFNetworking.m */ = {isa = PBXFileReference; lastKnownFileType = sourcecode.c.objc; path = "UIImageView+AFNetworking.m"; sourceTree = "<group>"; };
		D0D77012166CDC64005816C0 /* DHClientServices.m */ = {isa = PBXFileReference; fileEncoding = 4; lastKnownFileType = sourcecode.c.objc; path = DHClientServices.m; sourceTree = "<group>"; };
		D0D77013166CDC64005816C0 /* DHDeviceClient.m */ = {isa = PBXFileReference; fileEncoding = 4; lastKnownFileType = sourcecode.c.objc; path = DHDeviceClient.m; sourceTree = "<group>"; };
		D0D77014166CDC64005816C0 /* DHRestfulClientService.h */ = {isa = PBXFileReference; fileEncoding = 4; lastKnownFileType = sourcecode.c.h; path = DHRestfulClientService.h; sourceTree = "<group>"; };
		D0D77015166CDC64005816C0 /* DHRestfulClientService.m */ = {isa = PBXFileReference; fileEncoding = 4; lastKnownFileType = sourcecode.c.objc; path = DHRestfulClientService.m; sourceTree = "<group>"; };
		D0D77017166CDC64005816C0 /* DHCommandQueue.h */ = {isa = PBXFileReference; fileEncoding = 4; lastKnownFileType = sourcecode.c.h; path = DHCommandQueue.h; sourceTree = "<group>"; };
		D0D77018166CDC64005816C0 /* DHCommandQueue.m */ = {isa = PBXFileReference; fileEncoding = 4; lastKnownFileType = sourcecode.c.objc; path = DHCommandQueue.m; sourceTree = "<group>"; };
		D0D77019166CDC64005816C0 /* DHDevice.m */ = {isa = PBXFileReference; fileEncoding = 4; lastKnownFileType = sourcecode.c.objc; path = DHDevice.m; sourceTree = "<group>"; };
		D0D7701A166CDC64005816C0 /* DHDeviceServices.m */ = {isa = PBXFileReference; fileEncoding = 4; lastKnownFileType = sourcecode.c.objc; path = DHDeviceServices.m; sourceTree = "<group>"; };
		D0D7701B166CDC64005816C0 /* DHDeviceStatusNotification.m */ = {isa = PBXFileReference; fileEncoding = 4; lastKnownFileType = sourcecode.c.objc; path = DHDeviceStatusNotification.m; sourceTree = "<group>"; };
		D0D7701C166CDC64005816C0 /* DHEquipment+Private.h */ = {isa = PBXFileReference; fileEncoding = 4; lastKnownFileType = sourcecode.c.h; path = "DHEquipment+Private.h"; sourceTree = "<group>"; };
		D0D7701D166CDC64005816C0 /* DHEquipment.m */ = {isa = PBXFileReference; fileEncoding = 4; lastKnownFileType = sourcecode.c.objc; path = DHEquipment.m; sourceTree = "<group>"; };
		D0D7701E166CDC64005816C0 /* DHEquipmentNotification.m */ = {isa = PBXFileReference; fileEncoding = 4; lastKnownFileType = sourcecode.c.objc; path = DHEquipmentNotification.m; sourceTree = "<group>"; };
		D0D7701F166CDC64005816C0 /* DHRestfulDeviceService.h */ = {isa = PBXFileReference; fileEncoding = 4; lastKnownFileType = sourcecode.c.h; path = DHRestfulDeviceService.h; sourceTree = "<group>"; };
		D0D77020166CDC64005816C0 /* DHRestfulDeviceService.m */ = {isa = PBXFileReference; fileEncoding = 4; lastKnownFileType = sourcecode.c.objc; path = DHRestfulDeviceService.m; sourceTree = "<group>"; };
		D0D77021166CDC64005816C0 /* DHCommand+Private.h */ = {isa = PBXFileReference; fileEncoding = 4; lastKnownFileType = sourcecode.c.h; path = "DHCommand+Private.h"; sourceTree = "<group>"; };
		D0D77022166CDC64005816C0 /* DHCommand.m */ = {isa = PBXFileReference; fileEncoding = 4; lastKnownFileType = sourcecode.c.objc; path = DHCommand.m; sourceTree = "<group>"; };
		D0D77023166CDC64005816C0 /* DHCommandResult.m */ = {isa = PBXFileReference; fileEncoding = 4; lastKnownFileType = sourcecode.c.objc; path = DHCommandResult.m; sourceTree = "<group>"; };
		D0D77024166CDC64005816C0 /* DHDefaultRestfulApiClient.m */ = {isa = PBXFileReference; fileEncoding = 4; lastKnownFileType = sourcecode.c.objc; path = DHDefaultRestfulApiClient.m; sourceTree = "<group>"; };
		D0D77025166CDC64005816C0 /* DHDeviceClass.m */ = {isa = PBXFileReference; fileEncoding = 4; lastKnownFileType = sourcecode.c.objc; path = DHDeviceClass.m; sourceTree = "<group>"; };
		D0D77026166CDC64005816C0 /* DHDeviceData.m */ = {isa = PBXFileReference; fileEncoding = 4; lastKnownFileType = sourcecode.c.objc; path = DHDeviceData.m; sourceTree = "<group>"; };
		D0D77027166CDC64005816C0 /* DHEntity+SerializationPrivate.h */ = {isa = PBXFileReference; fileEncoding = 4; lastKnownFileType = sourcecode.c.h; path = "DHEntity+SerializationPrivate.h"; sourceTree = "<group>"; };
		D0D77028166CDC64005816C0 /* DHEntity.m */ = {isa = PBXFileReference; fileEncoding = 4; lastKnownFileType = sourcecode.c.objc; path = DHEntity.m; sourceTree = "<group>"; };
		D0D77029166CDC64005816C0 /* DHEquipmentData+Private.h */ = {isa = PBXFileReference; fileEncoding = 4; lastKnownFileType = sourcecode.c.h; path = "DHEquipmentData+Private.h"; sourceTree = "<group>"; };
		D0D7702A166CDC64005816C0 /* DHEquipmentData.m */ = {isa = PBXFileReference; fileEncoding = 4; lastKnownFileType = sourcecode.c.objc; path = DHEquipmentData.m; sourceTree = "<group>"; };
		D0D7702B166CDC64005816C0 /* DHEquipmentState.m */ = {isa = PBXFileReference; fileEncoding = 4; lastKnownFileType = sourcecode.c.objc; path = DHEquipmentState.m; sourceTree = "<group>"; };
		D0D7702C166CDC64005816C0 /* DHLog.h */ = {isa = PBXFileReference; fileEncoding = 4; lastKnownFileType = sourcecode.c.h; path = DHLog.h; sourceTree = "<group>"; };
		D0D7702D166CDC64005816C0 /* DHNetwork.m */ = {isa = PBXFileReference; fileEncoding = 4; lastKnownFileType = sourcecode.c.objc; path = DHNetwork.m; sourceTree = "<group>"; };
		D0D7702E166CDC64005816C0 /* DHNotification.m */ = {isa = PBXFileReference; fileEncoding = 4; lastKnownFileType = sourcecode.c.objc; path = DHNotification.m; sourceTree = "<group>"; };
		D0D7702F166CDC64005816C0 /* DHQueue.h */ = {isa = PBXFileReference; fileEncoding = 4; lastKnownFileType = sourcecode.c.h; path = DHQueue.h; sourceTree = "<group>"; };
		D0D77030166CDC64005816C0 /* DHQueue.m */ = {isa = PBXFileReference; fileEncoding = 4; lastKnownFileType = sourcecode.c.objc; path = DHQueue.m; sourceTree = "<group>"; };
		D0D77031166CDC64005816C0 /* DHUtils.h */ = {isa = PBXFileReference; fileEncoding = 4; lastKnownFileType = sourcecode.c.h; path = DHUtils.h; sourceTree = "<group>"; };
		D0D77032166CDC64005816C0 /* DHUtils.m */ = {isa = PBXFileReference; fileEncoding = 4; lastKnownFileType = sourcecode.c.objc; path = DHUtils.m; sourceTree = "<group>"; };
		D0D77033166CDC64005816C0 /* NSMutableDictionary+DHEntitySerialization.h */ = {isa = PBXFileReference; fileEncoding = 4; lastKnownFileType = sourcecode.c.h; path = "NSMutableDictionary+DHEntitySerialization.h"; sourceTree = "<group>"; };
		D0D77034166CDC64005816C0 /* NSMutableDictionary+DHEntitySerialization.m */ = {isa = PBXFileReference; fileEncoding = 4; lastKnownFileType = sourcecode.c.objc; path = "NSMutableDictionary+DHEntitySerialization.m"; sourceTree = "<group>"; };
		D0D77037166CDC64005816C0 /* DHClientService.h */ = {isa = PBXFileReference; fileEncoding = 4; lastKnownFileType = sourcecode.c.h; path = DHClientService.h; sourceTree = "<group>"; };
		D0D77038166CDC64005816C0 /* DHClientServices.h */ = {isa = PBXFileReference; fileEncoding = 4; lastKnownFileType = sourcecode.c.h; path = DHClientServices.h; sourceTree = "<group>"; };
		D0D77039166CDC64005816C0 /* DHDeviceClient.h */ = {isa = PBXFileReference; fileEncoding = 4; lastKnownFileType = sourcecode.c.h; path = DHDeviceClient.h; sourceTree = "<group>"; };
		D0D7703A166CDC64005816C0 /* DHEquipmentState.h */ = {isa = PBXFileReference; fileEncoding = 4; lastKnownFileType = sourcecode.c.h; path = DHEquipmentState.h; sourceTree = "<group>"; };
		D0D7703C166CDC64005816C0 /* DHCommandExecutor.h */ = {isa = PBXFileReference; fileEncoding = 4; lastKnownFileType = sourcecode.c.h; path = DHCommandExecutor.h; sourceTree = "<group>"; };
		D0D7703D166CDC64005816C0 /* DHCommandResult.h */ = {isa = PBXFileReference; fileEncoding = 4; lastKnownFileType = sourcecode.c.h; path = DHCommandResult.h; sourceTree = "<group>"; };
		D0D7703E166CDC64005816C0 /* DHDevice.h */ = {isa = PBXFileReference; fileEncoding = 4; lastKnownFileType = sourcecode.c.h; path = DHDevice.h; sourceTree = "<group>"; };
		D0D7703F166CDC64005816C0 /* DHDeviceService.h */ = {isa = PBXFileReference; fileEncoding = 4; lastKnownFileType = sourcecode.c.h; path = DHDeviceService.h; sourceTree = "<group>"; };
		D0D77040166CDC64005816C0 /* DHDeviceServices.h */ = {isa = PBXFileReference; fileEncoding = 4; lastKnownFileType = sourcecode.c.h; path = DHDeviceServices.h; sourceTree = "<group>"; };
		D0D77041166CDC64005816C0 /* DHDeviceStatusNotification.h */ = {isa = PBXFileReference; fileEncoding = 4; lastKnownFileType = sourcecode.c.h; path = DHDeviceStatusNotification.h; sourceTree = "<group>"; };
		D0D77042166CDC64005816C0 /* DHEquipment.h */ = {isa = PBXFileReference; fileEncoding = 4; lastKnownFileType = sourcecode.c.h; path = DHEquipment.h; sourceTree = "<group>"; };
		D0D77043166CDC64005816C0 /* DHEquipmentNotification.h */ = {isa = PBXFileReference; fileEncoding = 4; lastKnownFileType = sourcecode.c.h; path = DHEquipmentNotification.h; sourceTree = "<group>"; };
		D0D77044166CDC64005816C0 /* DHCommand.h */ = {isa = PBXFileReference; fileEncoding = 4; lastKnownFileType = sourcecode.c.h; path = DHCommand.h; sourceTree = "<group>"; };
		D0D77045166CDC64005816C0 /* DHDefaultRestfulApiClient.h */ = {isa = PBXFileReference; fileEncoding = 4; lastKnownFileType = sourcecode.c.h; path = DHDefaultRestfulApiClient.h; sourceTree = "<group>"; };
		D0D77046166CDC64005816C0 /* DHDeviceClass.h */ = {isa = PBXFileReference; fileEncoding = 4; lastKnownFileType = sourcecode.c.h; path = DHDeviceClass.h; sourceTree = "<group>"; };
		D0D77047166CDC64005816C0 /* DHDeviceData.h */ = {isa = PBXFileReference; fileEncoding = 4; lastKnownFileType = sourcecode.c.h; path = DHDeviceData.h; sourceTree = "<group>"; };
		D0D77048166CDC64005816C0 /* DHEntity.h */ = {isa = PBXFileReference; fileEncoding = 4; lastKnownFileType = sourcecode.c.h; path = DHEntity.h; sourceTree = "<group>"; };
		D0D77049166CDC64005816C0 /* DHEquipmentData.h */ = {isa = PBXFileReference; fileEncoding = 4; lastKnownFileType = sourcecode.c.h; path = DHEquipmentData.h; sourceTree = "<group>"; };
		D0D7704A166CDC64005816C0 /* DHNetwork.h */ = {isa = PBXFileReference; fileEncoding = 4; lastKnownFileType = sourcecode.c.h; path = DHNetwork.h; sourceTree = "<group>"; };
		D0D7704B166CDC64005816C0 /* DHNotification.h */ = {isa = PBXFileReference; fileEncoding = 4; lastKnownFileType = sourcecode.c.h; path = DHNotification.h; sourceTree = "<group>"; };
		D0D7704C166CDC64005816C0 /* DHRestfulApiClient.h */ = {isa = PBXFileReference; fileEncoding = 4; lastKnownFileType = sourcecode.c.h; path = DHRestfulApiClient.h; sourceTree = "<group>"; };
/* End PBXFileReference section */

/* Begin PBXFrameworksBuildPhase section */
		D05A7A1C1655166F0074078A /* Frameworks */ = {
			isa = PBXFrameworksBuildPhase;
			buildActionMask = 2147483647;
			files = (
				D018A5171656341100B4DF29 /* QuartzCore.framework in Frameworks */,
				D05A7A231655166F0074078A /* Foundation.framework in Frameworks */,
			);
			runOnlyForDeploymentPostprocessing = 0;
		};
/* End PBXFrameworksBuildPhase section */

/* Begin PBXGroup section */
		D05A7A141655166F0074078A = {
			isa = PBXGroup;
			children = (
				D018A5161656341100B4DF29 /* QuartzCore.framework */,
				D05A7A241655166F0074078A /* DeviceHiveFramework */,
				D05A7A211655166F0074078A /* Frameworks */,
				D05A7A201655166F0074078A /* Products */,
			);
			sourceTree = "<group>";
		};
		D05A7A201655166F0074078A /* Products */ = {
			isa = PBXGroup;
			children = (
				D05A7A1F1655166F0074078A /* libDeviceHiveFramework.a */,
			);
			name = Products;
			sourceTree = "<group>";
		};
		D05A7A211655166F0074078A /* Frameworks */ = {
			isa = PBXGroup;
			children = (
				D05A7A221655166F0074078A /* Foundation.framework */,
			);
			name = Frameworks;
			sourceTree = "<group>";
		};
		D05A7A241655166F0074078A /* DeviceHiveFramework */ = {
			isa = PBXGroup;
			children = (
				D0D7700F166CDC64005816C0 /* DeviceHive */,
				D05A7A251655166F0074078A /* Supporting Files */,
				D05A7A6E1655171F0074078A /* ThirdParty */,
			);
			path = DeviceHiveFramework;
			sourceTree = "<group>";
		};
		D05A7A251655166F0074078A /* Supporting Files */ = {
			isa = PBXGroup;
			children = (
				D05A7A261655166F0074078A /* DeviceHiveFramework-Prefix.pch */,
			);
			name = "Supporting Files";
			sourceTree = "<group>";
		};
		D05A7A6E1655171F0074078A /* ThirdParty */ = {
			isa = PBXGroup;
			children = (
				D05A7A6F1655171F0074078A /* AFNetworking */,
			);
			name = ThirdParty;
			path = ../ThirdParty;
			sourceTree = "<group>";
		};
		D05A7A6F1655171F0074078A /* AFNetworking */ = {
			isa = PBXGroup;
			children = (
				D05A7A701655171F0074078A /* AFHTTPClient.h */,
				D05A7A711655171F0074078A /* AFHTTPClient.m */,
				D05A7A721655171F0074078A /* AFHTTPRequestOperation.h */,
				D05A7A731655171F0074078A /* AFHTTPRequestOperation.m */,
				D05A7A741655171F0074078A /* AFImageRequestOperation.h */,
				D05A7A751655171F0074078A /* AFImageRequestOperation.m */,
				D05A7A761655171F0074078A /* AFJSONRequestOperation.h */,
				D05A7A771655171F0074078A /* AFJSONRequestOperation.m */,
				D05A7A781655171F0074078A /* AFNetworkActivityIndicatorManager.h */,
				D05A7A791655171F0074078A /* AFNetworkActivityIndicatorManager.m */,
				D05A7A7A1655171F0074078A /* AFNetworking.h */,
				D05A7A7B1655171F0074078A /* AFPropertyListRequestOperation.h */,
				D05A7A7C1655171F0074078A /* AFPropertyListRequestOperation.m */,
				D05A7A7D1655171F0074078A /* AFURLConnectionOperation.h */,
				D05A7A7E1655171F0074078A /* AFURLConnectionOperation.m */,
				D05A7A7F1655171F0074078A /* AFXMLRequestOperation.h */,
				D05A7A801655171F0074078A /* AFXMLRequestOperation.m */,
				D05A7A811655171F0074078A /* UIImageView+AFNetworking.h */,
				D05A7A821655171F0074078A /* UIImageView+AFNetworking.m */,
			);
			path = AFNetworking;
			sourceTree = "<group>";
		};
		D0D7700F166CDC64005816C0 /* DeviceHive */ = {
			isa = PBXGroup;
			children = (
				D0D77010166CDC64005816C0 /* Impl */,
				D0D77035166CDC64005816C0 /* Public */,
			);
			path = DeviceHive;
			sourceTree = SOURCE_ROOT;
		};
		D0D77010166CDC64005816C0 /* Impl */ = {
			isa = PBXGroup;
			children = (
				D0D77011166CDC64005816C0 /* client */,
				D0D77016166CDC64005816C0 /* device */,
				D0D77021166CDC64005816C0 /* DHCommand+Private.h */,
				D0D77022166CDC64005816C0 /* DHCommand.m */,
				D0D77023166CDC64005816C0 /* DHCommandResult.m */,
				D0D77024166CDC64005816C0 /* DHDefaultRestfulApiClient.m */,
				D012A27B1678920E0075D632 /* DHRestfulApiClient.m */,
				D0D77025166CDC64005816C0 /* DHDeviceClass.m */,
				D0D77026166CDC64005816C0 /* DHDeviceData.m */,
				D0D77027166CDC64005816C0 /* DHEntity+SerializationPrivate.h */,
				D0D77028166CDC64005816C0 /* DHEntity.m */,
				D0D77029166CDC64005816C0 /* DHEquipmentData+Private.h */,
				D0D7702A166CDC64005816C0 /* DHEquipmentData.m */,
				D0D7702B166CDC64005816C0 /* DHEquipmentState.m */,
				D0D7702C166CDC64005816C0 /* DHLog.h */,
				D0D7702D166CDC64005816C0 /* DHNetwork.m */,
				D0D7702E166CDC64005816C0 /* DHNotification.m */,
				D0D7702F166CDC64005816C0 /* DHQueue.h */,
				D0D77030166CDC64005816C0 /* DHQueue.m */,
				D0D77031166CDC64005816C0 /* DHUtils.h */,
				D0D77032166CDC64005816C0 /* DHUtils.m */,
				D0D77033166CDC64005816C0 /* NSMutableDictionary+DHEntitySerialization.h */,
				D0D77034166CDC64005816C0 /* NSMutableDictionary+DHEntitySerialization.m */,
			);
			path = Impl;
			sourceTree = "<group>";
		};
		D0D77011166CDC64005816C0 /* client */ = {
			isa = PBXGroup;
			children = (
				D0D77012166CDC64005816C0 /* DHClientServices.m */,
				D0D77013166CDC64005816C0 /* DHDeviceClient.m */,
				D0D77014166CDC64005816C0 /* DHRestfulClientService.h */,
				D0D77015166CDC64005816C0 /* DHRestfulClientService.m */,
			);
			path = client;
			sourceTree = "<group>";
		};
		D0D77016166CDC64005816C0 /* device */ = {
			isa = PBXGroup;
			children = (
				D0D77017166CDC64005816C0 /* DHCommandQueue.h */,
				D0D77018166CDC64005816C0 /* DHCommandQueue.m */,
				D0D77019166CDC64005816C0 /* DHDevice.m */,
				D0D7701A166CDC64005816C0 /* DHDeviceServices.m */,
				D0D7701B166CDC64005816C0 /* DHDeviceStatusNotification.m */,
				D0D7701C166CDC64005816C0 /* DHEquipment+Private.h */,
				D0D7701D166CDC64005816C0 /* DHEquipment.m */,
				D0D7701E166CDC64005816C0 /* DHEquipmentNotification.m */,
				D0D7701F166CDC64005816C0 /* DHRestfulDeviceService.h */,
				D0D77020166CDC64005816C0 /* DHRestfulDeviceService.m */,
			);
			path = device;
			sourceTree = "<group>";
		};
		D0D77035166CDC64005816C0 /* Public */ = {
			isa = PBXGroup;
			children = (
				D0D77036166CDC64005816C0 /* client */,
				D0D7703B166CDC64005816C0 /* device */,
				D0D77044166CDC64005816C0 /* DHCommand.h */,
				D0D77045166CDC64005816C0 /* DHDefaultRestfulApiClient.h */,
				D0D77046166CDC64005816C0 /* DHDeviceClass.h */,
				D0D77047166CDC64005816C0 /* DHDeviceData.h */,
				D0D77048166CDC64005816C0 /* DHEntity.h */,
				D0D77049166CDC64005816C0 /* DHEquipmentData.h */,
				D0D7704A166CDC64005816C0 /* DHNetwork.h */,
				D0D7704B166CDC64005816C0 /* DHNotification.h */,
				D0D7704C166CDC64005816C0 /* DHRestfulApiClient.h */,
			);
			path = Public;
			sourceTree = "<group>";
		};
		D0D77036166CDC64005816C0 /* client */ = {
			isa = PBXGroup;
			children = (
				D0D77037166CDC64005816C0 /* DHClientService.h */,
				D0D77038166CDC64005816C0 /* DHClientServices.h */,
				D0D77039166CDC64005816C0 /* DHDeviceClient.h */,
				D0D7703A166CDC64005816C0 /* DHEquipmentState.h */,
			);
			path = client;
			sourceTree = "<group>";
		};
		D0D7703B166CDC64005816C0 /* device */ = {
			isa = PBXGroup;
			children = (
				D0D7703C166CDC64005816C0 /* DHCommandExecutor.h */,
				D0D7703D166CDC64005816C0 /* DHCommandResult.h */,
				D0D7703E166CDC64005816C0 /* DHDevice.h */,
				D0D7703F166CDC64005816C0 /* DHDeviceService.h */,
				D0D77040166CDC64005816C0 /* DHDeviceServices.h */,
				D0D77041166CDC64005816C0 /* DHDeviceStatusNotification.h */,
				D0D77042166CDC64005816C0 /* DHEquipment.h */,
				D0D77043166CDC64005816C0 /* DHEquipmentNotification.h */,
			);
			path = device;
			sourceTree = "<group>";
		};
/* End PBXGroup section */

/* Begin PBXNativeTarget section */
		D05A7A1E1655166F0074078A /* DeviceHiveFramework */ = {
			isa = PBXNativeTarget;
			buildConfigurationList = D05A7A2D1655166F0074078A /* Build configuration list for PBXNativeTarget "DeviceHiveFramework" */;
			buildPhases = (
				D05A7A1B1655166F0074078A /* Sources */,
				D05A7A1C1655166F0074078A /* Frameworks */,
				D05A7A1D1655166F0074078A /* CopyFiles */,
			);
			buildRules = (
			);
			dependencies = (
			);
			name = DeviceHiveFramework;
			productName = DeviceHiveFramework;
			productReference = D05A7A1F1655166F0074078A /* libDeviceHiveFramework.a */;
			productType = "com.apple.product-type.library.static";
		};
/* End PBXNativeTarget section */

/* Begin PBXProject section */
		D05A7A161655166F0074078A /* Project object */ = {
			isa = PBXProject;
			attributes = {
				LastUpgradeCheck = 0450;
				ORGANIZATIONNAME = DataArt;
			};
			buildConfigurationList = D05A7A191655166F0074078A /* Build configuration list for PBXProject "DeviceHiveFramework" */;
			compatibilityVersion = "Xcode 3.2";
			developmentRegion = English;
			hasScannedForEncodings = 0;
			knownRegions = (
				en,
			);
			mainGroup = D05A7A141655166F0074078A;
			productRefGroup = D05A7A201655166F0074078A /* Products */;
			projectDirPath = "";
			projectRoot = "";
			targets = (
				D05A7A1E1655166F0074078A /* DeviceHiveFramework */,
			);
		};
/* End PBXProject section */

/* Begin PBXSourcesBuildPhase section */
		D05A7A1B1655166F0074078A /* Sources */ = {
			isa = PBXSourcesBuildPhase;
			buildActionMask = 2147483647;
			files = (
				D05A7A83165517460074078A /* AFHTTPClient.m in Sources */,
				D05A7A84165517460074078A /* AFHTTPRequestOperation.m in Sources */,
				D05A7A85165517460074078A /* AFImageRequestOperation.m in Sources */,
				D05A7A86165517460074078A /* AFJSONRequestOperation.m in Sources */,
				D05A7A87165517460074078A /* AFNetworkActivityIndicatorManager.m in Sources */,
				D05A7A88165517460074078A /* AFPropertyListRequestOperation.m in Sources */,
				D05A7A89165517460074078A /* AFURLConnectionOperation.m in Sources */,
				D05A7A8A165517460074078A /* AFXMLRequestOperation.m in Sources */,
				D05A7A8B165517460074078A /* UIImageView+AFNetworking.m in Sources */,
				D0D7704D166CDC64005816C0 /* DHClientServices.m in Sources */,
				D0D7704E166CDC64005816C0 /* DHDeviceClient.m in Sources */,
				D0D7704F166CDC64005816C0 /* DHRestfulClientService.m in Sources */,
				D0D77050166CDC64005816C0 /* DHCommandQueue.m in Sources */,
				D0D77051166CDC64005816C0 /* DHDevice.m in Sources */,
				D0D77052166CDC64005816C0 /* DHDeviceServices.m in Sources */,
				D0D77053166CDC64005816C0 /* DHDeviceStatusNotification.m in Sources */,
				D0D77054166CDC64005816C0 /* DHEquipment.m in Sources */,
				D0D77055166CDC64005816C0 /* DHEquipmentNotification.m in Sources */,
				D0D77056166CDC64005816C0 /* DHRestfulDeviceService.m in Sources */,
				D0D77057166CDC64005816C0 /* DHCommand.m in Sources */,
				D0D77058166CDC64005816C0 /* DHCommandResult.m in Sources */,
				D0D77059166CDC64005816C0 /* DHDefaultRestfulApiClient.m in Sources */,
				D0D7705A166CDC64005816C0 /* DHDeviceClass.m in Sources */,
				D0D7705B166CDC64005816C0 /* DHDeviceData.m in Sources */,
				D0D7705C166CDC64005816C0 /* DHEntity.m in Sources */,
				D0D7705D166CDC64005816C0 /* DHEquipmentData.m in Sources */,
				D0D7705E166CDC64005816C0 /* DHEquipmentState.m in Sources */,
				D0D7705F166CDC64005816C0 /* DHNetwork.m in Sources */,
				D0D77060166CDC64005816C0 /* DHNotification.m in Sources */,
				D0D77061166CDC64005816C0 /* DHQueue.m in Sources */,
				D0D77062166CDC64005816C0 /* DHUtils.m in Sources */,
				D0D77063166CDC64005816C0 /* NSMutableDictionary+DHEntitySerialization.m in Sources */,
				D012A27C1678920E0075D632 /* DHRestfulApiClient.m in Sources */,
			);
			runOnlyForDeploymentPostprocessing = 0;
		};
/* End PBXSourcesBuildPhase section */

/* Begin XCBuildConfiguration section */
		D05A7A2B1655166F0074078A /* Debug */ = {
			isa = XCBuildConfiguration;
			buildSettings = {
				ALWAYS_SEARCH_USER_PATHS = NO;
				CLANG_CXX_LANGUAGE_STANDARD = "gnu++0x";
				CLANG_CXX_LIBRARY = "libc++";
				CLANG_ENABLE_OBJC_ARC = YES;
				CLANG_WARN_EMPTY_BODY = YES;
				CLANG_WARN__DUPLICATE_METHOD_MATCH = YES;
				COPY_PHASE_STRIP = NO;
				GCC_C_LANGUAGE_STANDARD = gnu99;
				GCC_DYNAMIC_NO_PIC = NO;
				GCC_OPTIMIZATION_LEVEL = 0;
				GCC_PREPROCESSOR_DEFINITIONS = (
					"DH_DEBUG=1",
					"DEBUG=1",
					"$(inherited)",
				);
				GCC_SYMBOLS_PRIVATE_EXTERN = NO;
				GCC_WARN_ABOUT_RETURN_TYPE = YES;
				GCC_WARN_UNINITIALIZED_AUTOS = YES;
				GCC_WARN_UNUSED_VARIABLE = YES;
				IPHONEOS_DEPLOYMENT_TARGET = 5.1;
				ONLY_ACTIVE_ARCH = YES;
				SDKROOT = iphoneos;
			};
			name = Debug;
		};
		D05A7A2C1655166F0074078A /* Release */ = {
			isa = XCBuildConfiguration;
			buildSettings = {
				ALWAYS_SEARCH_USER_PATHS = NO;
				CLANG_CXX_LANGUAGE_STANDARD = "gnu++0x";
				CLANG_CXX_LIBRARY = "libc++";
				CLANG_ENABLE_OBJC_ARC = YES;
				CLANG_WARN_EMPTY_BODY = YES;
				CLANG_WARN__DUPLICATE_METHOD_MATCH = YES;
				COPY_PHASE_STRIP = YES;
				GCC_C_LANGUAGE_STANDARD = gnu99;
				GCC_WARN_ABOUT_RETURN_TYPE = YES;
				GCC_WARN_UNINITIALIZED_AUTOS = YES;
				GCC_WARN_UNUSED_VARIABLE = YES;
				IPHONEOS_DEPLOYMENT_TARGET = 5.1;
				SDKROOT = iphoneos;
				VALIDATE_PRODUCT = YES;
			};
			name = Release;
		};
		D05A7A2E1655166F0074078A /* Debug */ = {
			isa = XCBuildConfiguration;
			buildSettings = {
				DSTROOT = /tmp/DeviceHiveFramework.dst;
				GCC_PRECOMPILE_PREFIX_HEADER = YES;
				GCC_PREFIX_HEADER = "DeviceHiveFramework/DeviceHiveFramework-Prefix.pch";
				GCC_PREPROCESSOR_DEFINITIONS = (
					"DEBUG=1",
					"$(inherited)",
				);
				OTHER_LDFLAGS = "-ObjC";
				PRODUCT_NAME = "$(TARGET_NAME)";
				SKIP_INSTALL = YES;
			};
			name = Debug;
		};
		D05A7A2F1655166F0074078A /* Release */ = {
			isa = XCBuildConfiguration;
			buildSettings = {
				DSTROOT = /tmp/DeviceHiveFramework.dst;
				GCC_PRECOMPILE_PREFIX_HEADER = YES;
				GCC_PREFIX_HEADER = "DeviceHiveFramework/DeviceHiveFramework-Prefix.pch";
				OTHER_LDFLAGS = "-ObjC";
				PRODUCT_NAME = "$(TARGET_NAME)";
				SKIP_INSTALL = YES;
			};
			name = Release;
		};
/* End XCBuildConfiguration section */

/* Begin XCConfigurationList section */
		D05A7A191655166F0074078A /* Build configuration list for PBXProject "DeviceHiveFramework" */ = {
			isa = XCConfigurationList;
			buildConfigurations = (
				D05A7A2B1655166F0074078A /* Debug */,
				D05A7A2C1655166F0074078A /* Release */,
			);
			defaultConfigurationIsVisible = 0;
			defaultConfigurationName = Release;
		};
		D05A7A2D1655166F0074078A /* Build configuration list for PBXNativeTarget "DeviceHiveFramework" */ = {
			isa = XCConfigurationList;
			buildConfigurations = (
				D05A7A2E1655166F0074078A /* Debug */,
				D05A7A2F1655166F0074078A /* Release */,
			);
			defaultConfigurationIsVisible = 0;
			defaultConfigurationName = Release;
		};
/* End XCConfigurationList section */
	};
	rootObject = D05A7A161655166F0074078A /* Project object */;
}
